// !$*UTF8*$!
{
	archiveVersion = 1;
	classes = {
	};
	objectVersion = 55;
	objects = {

/* Begin PBXBuildFile section */
		52147CE7286116BE0028E9FE /* AppDelegate.swift in Sources */ = {isa = PBXBuildFile; fileRef = 52147CE6286116BE0028E9FE /* AppDelegate.swift */; };
		52147CE9286116BE0028E9FE /* SceneDelegate.swift in Sources */ = {isa = PBXBuildFile; fileRef = 52147CE8286116BE0028E9FE /* SceneDelegate.swift */; };
		52147CF0286116BF0028E9FE /* Assets.xcassets in Resources */ = {isa = PBXBuildFile; fileRef = 52147CEF286116BF0028E9FE /* Assets.xcassets */; };
		52147CF3286116BF0028E9FE /* LaunchScreen.storyboard in Resources */ = {isa = PBXBuildFile; fileRef = 52147CF1286116BF0028E9FE /* LaunchScreen.storyboard */; };
		52147CFC2861194D0028E9FE /* Colors.xcassets in Resources */ = {isa = PBXBuildFile; fileRef = 52147CFB2861194D0028E9FE /* Colors.xcassets */; };
		521FB45C286279F000F6F9C9 /* MoviesDTO.swift in Sources */ = {isa = PBXBuildFile; fileRef = 521FB45B286279F000F6F9C9 /* MoviesDTO.swift */; };
		521FB45E28627DEA00F6F9C9 /* MovieDetailsDTO.swift in Sources */ = {isa = PBXBuildFile; fileRef = 521FB45D28627DEA00F6F9C9 /* MovieDetailsDTO.swift */; };
		521FB4622862808C00F6F9C9 /* MovieRepository.swift in Sources */ = {isa = PBXBuildFile; fileRef = 521FB4612862808C00F6F9C9 /* MovieRepository.swift */; };
		521FB465286280AD00F6F9C9 /* Movie.swift in Sources */ = {isa = PBXBuildFile; fileRef = 521FB464286280AD00F6F9C9 /* Movie.swift */; };
		521FB467286280EE00F6F9C9 /* MovieDetails.swift in Sources */ = {isa = PBXBuildFile; fileRef = 521FB466286280EE00F6F9C9 /* MovieDetails.swift */; };
		521FB469286281B500F6F9C9 /* MoviesPage.swift in Sources */ = {isa = PBXBuildFile; fileRef = 521FB468286281B500F6F9C9 /* MoviesPage.swift */; };
		5282609728611BD000437CF8 /* Localizable.strings in Resources */ = {isa = PBXBuildFile; fileRef = 5282609928611BD000437CF8 /* Localizable.strings */; };
		528260A02861227F00437CF8 /* BaseReqeust.swift in Sources */ = {isa = PBXBuildFile; fileRef = 5282609F2861227F00437CF8 /* BaseReqeust.swift */; };
		528260A2286122C300437CF8 /* Network.swift in Sources */ = {isa = PBXBuildFile; fileRef = 528260A1286122C300437CF8 /* Network.swift */; };
		528260A42861253A00437CF8 /* MoviesRequest.swift in Sources */ = {isa = PBXBuildFile; fileRef = 528260A32861253A00437CF8 /* MoviesRequest.swift */; };
		528260A828612EFF00437CF8 /* AuthInterceptor.swift in Sources */ = {isa = PBXBuildFile; fileRef = 528260A728612EFF00437CF8 /* AuthInterceptor.swift */; };
		528260AB28612F5C00437CF8 /* AuthRepository.swift in Sources */ = {isa = PBXBuildFile; fileRef = 528260AA28612F5C00437CF8 /* AuthRepository.swift */; };
		528260B028612F8700437CF8 /* UserStorage.swift in Sources */ = {isa = PBXBuildFile; fileRef = 528260AF28612F8700437CF8 /* UserStorage.swift */; };
		528260B32861332A00437CF8 /* LanguageManager.swift in Sources */ = {isa = PBXBuildFile; fileRef = 528260B22861332A00437CF8 /* LanguageManager.swift */; };
		528260B52861342000437CF8 /* BaseAPI.swift in Sources */ = {isa = PBXBuildFile; fileRef = 528260B42861342000437CF8 /* BaseAPI.swift */; };
		528260B72861385E00437CF8 /* BaseError.swift in Sources */ = {isa = PBXBuildFile; fileRef = 528260B62861385E00437CF8 /* BaseError.swift */; };
		528260BB286138B600437CF8 /* String+Localizable.swift in Sources */ = {isa = PBXBuildFile; fileRef = 528260BA286138B600437CF8 /* String+Localizable.swift */; };
		528260BD28613ABC00437CF8 /* APIError.swift in Sources */ = {isa = PBXBuildFile; fileRef = 528260BC28613ABC00437CF8 /* APIError.swift */; };
		528260C128613B6600437CF8 /* Globals.swift in Sources */ = {isa = PBXBuildFile; fileRef = 528260C028613B6600437CF8 /* Globals.swift */; };
		528260C328613C2800437CF8 /* MovieAPI.swift in Sources */ = {isa = PBXBuildFile; fileRef = 528260C228613C2800437CF8 /* MovieAPI.swift */; };
		528260C528613C7700437CF8 /* MovieRequester.swift in Sources */ = {isa = PBXBuildFile; fileRef = 528260C428613C7700437CF8 /* MovieRequester.swift */; };
		52D7A46028634B7E00031A18 /* UIImage+Constants.swift in Sources */ = {isa = PBXBuildFile; fileRef = 52D7A45F28634B7E00031A18 /* UIImage+Constants.swift */; };
		52D7A46228634BAD00031A18 /* UIColor+Constants.swift in Sources */ = {isa = PBXBuildFile; fileRef = 52D7A46128634BAD00031A18 /* UIColor+Constants.swift */; };
		52D7A46528634D0F00031A18 /* StoryboardInstantiable.swift in Sources */ = {isa = PBXBuildFile; fileRef = 52D7A46428634D0F00031A18 /* StoryboardInstantiable.swift */; };
		52D7A46728634E9900031A18 /* Storyboard+Instantiable.swift in Sources */ = {isa = PBXBuildFile; fileRef = 52D7A46628634E9900031A18 /* Storyboard+Instantiable.swift */; };
		52D7A46928634EE000031A18 /* UIViewController+Instantiable.swift in Sources */ = {isa = PBXBuildFile; fileRef = 52D7A46828634EE000031A18 /* UIViewController+Instantiable.swift */; };
		52D7A46B28634F2900031A18 /* LoadingViewController.swift in Sources */ = {isa = PBXBuildFile; fileRef = 52D7A46A28634F2900031A18 /* LoadingViewController.swift */; };
		52D7A46D28634F5700031A18 /* PresenterToViewProtocol.swift in Sources */ = {isa = PBXBuildFile; fileRef = 52D7A46C28634F5700031A18 /* PresenterToViewProtocol.swift */; };
		52D7A46F2863507A00031A18 /* UIViewController+Alert.swift in Sources */ = {isa = PBXBuildFile; fileRef = 52D7A46E2863507A00031A18 /* UIViewController+Alert.swift */; };
		52D7A4712863513F00031A18 /* UIColor+Hex.swift in Sources */ = {isa = PBXBuildFile; fileRef = 52D7A4702863513F00031A18 /* UIColor+Hex.swift */; };
		52D7A4732863517D00031A18 /* BaseViewController.swift in Sources */ = {isa = PBXBuildFile; fileRef = 52D7A4722863517D00031A18 /* BaseViewController.swift */; };
		52D7A475286351CA00031A18 /* ApplicationFlow.swift in Sources */ = {isa = PBXBuildFile; fileRef = 52D7A474286351CA00031A18 /* ApplicationFlow.swift */; };
		52D7A481286373F600031A18 /* MoviesListProtocols.swift in Sources */ = {isa = PBXBuildFile; fileRef = 52D7A480286373F600031A18 /* MoviesListProtocols.swift */; };
		52D7A4832863740100031A18 /* MoviesListViewController.swift in Sources */ = {isa = PBXBuildFile; fileRef = 52D7A4822863740100031A18 /* MoviesListViewController.swift */; };
		52D7A4852863740800031A18 /* MoviesList.storyboard in Resources */ = {isa = PBXBuildFile; fileRef = 52D7A4842863740800031A18 /* MoviesList.storyboard */; };
		52D7A4872863741300031A18 /* MoviesListInteractor.swift in Sources */ = {isa = PBXBuildFile; fileRef = 52D7A4862863741300031A18 /* MoviesListInteractor.swift */; };
		52D7A4892863741E00031A18 /* MoviesListPresenter.swift in Sources */ = {isa = PBXBuildFile; fileRef = 52D7A4882863741E00031A18 /* MoviesListPresenter.swift */; };
		52D7A48B2863742400031A18 /* MoviesListRouter.swift in Sources */ = {isa = PBXBuildFile; fileRef = 52D7A48A2863742400031A18 /* MoviesListRouter.swift */; };
		52D7A48F286381C400031A18 /* MovieCollectionViewCell.swift in Sources */ = {isa = PBXBuildFile; fileRef = 52D7A48D286381C400031A18 /* MovieCollectionViewCell.swift */; };
		52D7A490286381C400031A18 /* MovieCollectionViewCell.xib in Resources */ = {isa = PBXBuildFile; fileRef = 52D7A48E286381C400031A18 /* MovieCollectionViewCell.xib */; };
		52D7A49228638A5200031A18 /* UICollectionViewCell+Extensions.swift in Sources */ = {isa = PBXBuildFile; fileRef = 52D7A49128638A5200031A18 /* UICollectionViewCell+Extensions.swift */; };
		52D7A49428638A8A00031A18 /* UICollectionView+Extensions.swift in Sources */ = {isa = PBXBuildFile; fileRef = 52D7A49328638A8A00031A18 /* UICollectionView+Extensions.swift */; };
		52D7A4962863ADAB00031A18 /* UIView+InitFromNib.swift in Sources */ = {isa = PBXBuildFile; fileRef = 52D7A4952863ADAB00031A18 /* UIView+InitFromNib.swift */; };
		52D7A4982863ADDC00031A18 /* UIView+Inspectables.swift in Sources */ = {isa = PBXBuildFile; fileRef = 52D7A4972863ADDC00031A18 /* UIView+Inspectables.swift */; };
		52D7A4A02863B7CA00031A18 /* MovieViewModel.swift in Sources */ = {isa = PBXBuildFile; fileRef = 52D7A49F2863B7CA00031A18 /* MovieViewModel.swift */; };
		706F93EC8644AE959E2D44C4 /* libPods-Moviedb.a in Frameworks */ = {isa = PBXBuildFile; fileRef = 49A78891055432D60CCC86AC /* libPods-Moviedb.a */; };
/* End PBXBuildFile section */

/* Begin PBXFileReference section */
		42B0D291C3D01B4990EC66C5 /* Pods-Moviedb.debug.xcconfig */ = {isa = PBXFileReference; includeInIndex = 1; lastKnownFileType = text.xcconfig; name = "Pods-Moviedb.debug.xcconfig"; path = "Target Support Files/Pods-Moviedb/Pods-Moviedb.debug.xcconfig"; sourceTree = "<group>"; };
		49A78891055432D60CCC86AC /* libPods-Moviedb.a */ = {isa = PBXFileReference; explicitFileType = archive.ar; includeInIndex = 0; path = "libPods-Moviedb.a"; sourceTree = BUILT_PRODUCTS_DIR; };
		52147CE3286116BE0028E9FE /* Moviedb.app */ = {isa = PBXFileReference; explicitFileType = wrapper.application; includeInIndex = 0; path = Moviedb.app; sourceTree = BUILT_PRODUCTS_DIR; };
		52147CE6286116BE0028E9FE /* AppDelegate.swift */ = {isa = PBXFileReference; lastKnownFileType = sourcecode.swift; path = AppDelegate.swift; sourceTree = "<group>"; };
		52147CE8286116BE0028E9FE /* SceneDelegate.swift */ = {isa = PBXFileReference; lastKnownFileType = sourcecode.swift; path = SceneDelegate.swift; sourceTree = "<group>"; };
		52147CEF286116BF0028E9FE /* Assets.xcassets */ = {isa = PBXFileReference; lastKnownFileType = folder.assetcatalog; path = Assets.xcassets; sourceTree = "<group>"; };
		52147CF2286116BF0028E9FE /* Base */ = {isa = PBXFileReference; lastKnownFileType = file.storyboard; name = Base; path = Base.lproj/LaunchScreen.storyboard; sourceTree = "<group>"; };
		52147CF4286116BF0028E9FE /* Info.plist */ = {isa = PBXFileReference; lastKnownFileType = text.plist.xml; path = Info.plist; sourceTree = "<group>"; };
		52147CFB2861194D0028E9FE /* Colors.xcassets */ = {isa = PBXFileReference; lastKnownFileType = folder.assetcatalog; path = Colors.xcassets; sourceTree = "<group>"; };
		521FB45B286279F000F6F9C9 /* MoviesDTO.swift */ = {isa = PBXFileReference; lastKnownFileType = sourcecode.swift; path = MoviesDTO.swift; sourceTree = "<group>"; };
		521FB45D28627DEA00F6F9C9 /* MovieDetailsDTO.swift */ = {isa = PBXFileReference; lastKnownFileType = sourcecode.swift; path = MovieDetailsDTO.swift; sourceTree = "<group>"; };
		521FB4612862808C00F6F9C9 /* MovieRepository.swift */ = {isa = PBXFileReference; lastKnownFileType = sourcecode.swift; path = MovieRepository.swift; sourceTree = "<group>"; };
		521FB464286280AD00F6F9C9 /* Movie.swift */ = {isa = PBXFileReference; lastKnownFileType = sourcecode.swift; path = Movie.swift; sourceTree = "<group>"; };
		521FB466286280EE00F6F9C9 /* MovieDetails.swift */ = {isa = PBXFileReference; lastKnownFileType = sourcecode.swift; path = MovieDetails.swift; sourceTree = "<group>"; };
		521FB468286281B500F6F9C9 /* MoviesPage.swift */ = {isa = PBXFileReference; lastKnownFileType = sourcecode.swift; path = MoviesPage.swift; sourceTree = "<group>"; };
		5282609828611BD000437CF8 /* en */ = {isa = PBXFileReference; lastKnownFileType = text.plist.strings; name = en; path = en.lproj/Localizable.strings; sourceTree = "<group>"; };
		5282609F2861227F00437CF8 /* BaseReqeust.swift */ = {isa = PBXFileReference; lastKnownFileType = sourcecode.swift; path = BaseReqeust.swift; sourceTree = "<group>"; };
		528260A1286122C300437CF8 /* Network.swift */ = {isa = PBXFileReference; lastKnownFileType = sourcecode.swift; path = Network.swift; sourceTree = "<group>"; };
		528260A32861253A00437CF8 /* MoviesRequest.swift */ = {isa = PBXFileReference; lastKnownFileType = sourcecode.swift; path = MoviesRequest.swift; sourceTree = "<group>"; };
		528260A728612EFF00437CF8 /* AuthInterceptor.swift */ = {isa = PBXFileReference; lastKnownFileType = sourcecode.swift; path = AuthInterceptor.swift; sourceTree = "<group>"; };
		528260AA28612F5C00437CF8 /* AuthRepository.swift */ = {isa = PBXFileReference; lastKnownFileType = sourcecode.swift; path = AuthRepository.swift; sourceTree = "<group>"; };
		528260AF28612F8700437CF8 /* UserStorage.swift */ = {isa = PBXFileReference; lastKnownFileType = sourcecode.swift; path = UserStorage.swift; sourceTree = "<group>"; };
		528260B22861332A00437CF8 /* LanguageManager.swift */ = {isa = PBXFileReference; lastKnownFileType = sourcecode.swift; path = LanguageManager.swift; sourceTree = "<group>"; };
		528260B42861342000437CF8 /* BaseAPI.swift */ = {isa = PBXFileReference; lastKnownFileType = sourcecode.swift; path = BaseAPI.swift; sourceTree = "<group>"; };
		528260B62861385E00437CF8 /* BaseError.swift */ = {isa = PBXFileReference; lastKnownFileType = sourcecode.swift; path = BaseError.swift; sourceTree = "<group>"; };
		528260BA286138B600437CF8 /* String+Localizable.swift */ = {isa = PBXFileReference; lastKnownFileType = sourcecode.swift; path = "String+Localizable.swift"; sourceTree = "<group>"; };
		528260BC28613ABC00437CF8 /* APIError.swift */ = {isa = PBXFileReference; lastKnownFileType = sourcecode.swift; path = APIError.swift; sourceTree = "<group>"; };
		528260C028613B6600437CF8 /* Globals.swift */ = {isa = PBXFileReference; lastKnownFileType = sourcecode.swift; path = Globals.swift; sourceTree = "<group>"; };
		528260C228613C2800437CF8 /* MovieAPI.swift */ = {isa = PBXFileReference; lastKnownFileType = sourcecode.swift; path = MovieAPI.swift; sourceTree = "<group>"; };
		528260C428613C7700437CF8 /* MovieRequester.swift */ = {isa = PBXFileReference; lastKnownFileType = sourcecode.swift; path = MovieRequester.swift; sourceTree = "<group>"; };
		52D7A45F28634B7E00031A18 /* UIImage+Constants.swift */ = {isa = PBXFileReference; lastKnownFileType = sourcecode.swift; path = "UIImage+Constants.swift"; sourceTree = "<group>"; };
		52D7A46128634BAD00031A18 /* UIColor+Constants.swift */ = {isa = PBXFileReference; lastKnownFileType = sourcecode.swift; path = "UIColor+Constants.swift"; sourceTree = "<group>"; };
		52D7A46428634D0F00031A18 /* StoryboardInstantiable.swift */ = {isa = PBXFileReference; lastKnownFileType = sourcecode.swift; path = StoryboardInstantiable.swift; sourceTree = "<group>"; };
		52D7A46628634E9900031A18 /* Storyboard+Instantiable.swift */ = {isa = PBXFileReference; lastKnownFileType = sourcecode.swift; path = "Storyboard+Instantiable.swift"; sourceTree = "<group>"; };
		52D7A46828634EE000031A18 /* UIViewController+Instantiable.swift */ = {isa = PBXFileReference; lastKnownFileType = sourcecode.swift; path = "UIViewController+Instantiable.swift"; sourceTree = "<group>"; };
		52D7A46A28634F2900031A18 /* LoadingViewController.swift */ = {isa = PBXFileReference; lastKnownFileType = sourcecode.swift; path = LoadingViewController.swift; sourceTree = "<group>"; };
		52D7A46C28634F5700031A18 /* PresenterToViewProtocol.swift */ = {isa = PBXFileReference; lastKnownFileType = sourcecode.swift; path = PresenterToViewProtocol.swift; sourceTree = "<group>"; };
		52D7A46E2863507A00031A18 /* UIViewController+Alert.swift */ = {isa = PBXFileReference; lastKnownFileType = sourcecode.swift; path = "UIViewController+Alert.swift"; sourceTree = "<group>"; };
		52D7A4702863513F00031A18 /* UIColor+Hex.swift */ = {isa = PBXFileReference; lastKnownFileType = sourcecode.swift; path = "UIColor+Hex.swift"; sourceTree = "<group>"; };
		52D7A4722863517D00031A18 /* BaseViewController.swift */ = {isa = PBXFileReference; lastKnownFileType = sourcecode.swift; path = BaseViewController.swift; sourceTree = "<group>"; };
		52D7A474286351CA00031A18 /* ApplicationFlow.swift */ = {isa = PBXFileReference; lastKnownFileType = sourcecode.swift; path = ApplicationFlow.swift; sourceTree = "<group>"; };
		52D7A480286373F600031A18 /* MoviesListProtocols.swift */ = {isa = PBXFileReference; lastKnownFileType = sourcecode.swift; path = MoviesListProtocols.swift; sourceTree = "<group>"; };
		52D7A4822863740100031A18 /* MoviesListViewController.swift */ = {isa = PBXFileReference; lastKnownFileType = sourcecode.swift; path = MoviesListViewController.swift; sourceTree = "<group>"; };
		52D7A4842863740800031A18 /* MoviesList.storyboard */ = {isa = PBXFileReference; lastKnownFileType = file.storyboard; path = MoviesList.storyboard; sourceTree = "<group>"; };
		52D7A4862863741300031A18 /* MoviesListInteractor.swift */ = {isa = PBXFileReference; lastKnownFileType = sourcecode.swift; path = MoviesListInteractor.swift; sourceTree = "<group>"; };
		52D7A4882863741E00031A18 /* MoviesListPresenter.swift */ = {isa = PBXFileReference; lastKnownFileType = sourcecode.swift; path = MoviesListPresenter.swift; sourceTree = "<group>"; };
		52D7A48A2863742400031A18 /* MoviesListRouter.swift */ = {isa = PBXFileReference; lastKnownFileType = sourcecode.swift; path = MoviesListRouter.swift; sourceTree = "<group>"; };
		52D7A48D286381C400031A18 /* MovieCollectionViewCell.swift */ = {isa = PBXFileReference; lastKnownFileType = sourcecode.swift; path = MovieCollectionViewCell.swift; sourceTree = "<group>"; };
		52D7A48E286381C400031A18 /* MovieCollectionViewCell.xib */ = {isa = PBXFileReference; lastKnownFileType = file.xib; path = MovieCollectionViewCell.xib; sourceTree = "<group>"; };
		52D7A49128638A5200031A18 /* UICollectionViewCell+Extensions.swift */ = {isa = PBXFileReference; lastKnownFileType = sourcecode.swift; path = "UICollectionViewCell+Extensions.swift"; sourceTree = "<group>"; };
		52D7A49328638A8A00031A18 /* UICollectionView+Extensions.swift */ = {isa = PBXFileReference; lastKnownFileType = sourcecode.swift; path = "UICollectionView+Extensions.swift"; sourceTree = "<group>"; };
		52D7A4952863ADAB00031A18 /* UIView+InitFromNib.swift */ = {isa = PBXFileReference; lastKnownFileType = sourcecode.swift; path = "UIView+InitFromNib.swift"; sourceTree = "<group>"; };
		52D7A4972863ADDC00031A18 /* UIView+Inspectables.swift */ = {isa = PBXFileReference; lastKnownFileType = sourcecode.swift; path = "UIView+Inspectables.swift"; sourceTree = "<group>"; };
		52D7A49F2863B7CA00031A18 /* MovieViewModel.swift */ = {isa = PBXFileReference; lastKnownFileType = sourcecode.swift; path = MovieViewModel.swift; sourceTree = "<group>"; };
		F6EE8EEA4EA05878A6DB66A4 /* Pods-Moviedb.release.xcconfig */ = {isa = PBXFileReference; includeInIndex = 1; lastKnownFileType = text.xcconfig; name = "Pods-Moviedb.release.xcconfig"; path = "Target Support Files/Pods-Moviedb/Pods-Moviedb.release.xcconfig"; sourceTree = "<group>"; };
/* End PBXFileReference section */

/* Begin PBXFrameworksBuildPhase section */
		52147CE0286116BE0028E9FE /* Frameworks */ = {
			isa = PBXFrameworksBuildPhase;
			buildActionMask = 2147483647;
			files = (
				706F93EC8644AE959E2D44C4 /* libPods-Moviedb.a in Frameworks */,
			);
			runOnlyForDeploymentPostprocessing = 0;
		};
/* End PBXFrameworksBuildPhase section */

/* Begin PBXGroup section */
		52147CDA286116BE0028E9FE = {
			isa = PBXGroup;
			children = (
				52147CE5286116BE0028E9FE /* Moviedb */,
				52147CE4286116BE0028E9FE /* Products */,
				72AA12F179CAB86783AE07B8 /* Pods */,
				93945453D07C063B00607603 /* Frameworks */,
			);
			sourceTree = "<group>";
		};
		52147CE4286116BE0028E9FE /* Products */ = {
			isa = PBXGroup;
			children = (
				52147CE3286116BE0028E9FE /* Moviedb.app */,
			);
			name = Products;
			sourceTree = "<group>";
		};
		52147CE5286116BE0028E9FE /* Moviedb */ = {
			isa = PBXGroup;
			children = (
				52147CFD28611A2A0028E9FE /* AppDelegate */,
				52D7A46328634D0400031A18 /* BaseClasses */,
				521FB4632862809900F6F9C9 /* Entities */,
				5282609428611A4800437CF8 /* Modules */,
				528260B12861331D00437CF8 /* Managers */,
				5282609A28611BE200437CF8 /* Data */,
				528260B82861388F00437CF8 /* Utils */,
				52147CFA2861193B0028E9FE /* Resources */,
				52147CF1286116BF0028E9FE /* LaunchScreen.storyboard */,
				52147CF4286116BF0028E9FE /* Info.plist */,
			);
			path = Moviedb;
			sourceTree = "<group>";
		};
		52147CFA2861193B0028E9FE /* Resources */ = {
			isa = PBXGroup;
			children = (
				52147CEF286116BF0028E9FE /* Assets.xcassets */,
				52147CFB2861194D0028E9FE /* Colors.xcassets */,
				5282609928611BD000437CF8 /* Localizable.strings */,
			);
			path = Resources;
			sourceTree = "<group>";
		};
		52147CFD28611A2A0028E9FE /* AppDelegate */ = {
			isa = PBXGroup;
			children = (
				52147CE6286116BE0028E9FE /* AppDelegate.swift */,
				52147CE8286116BE0028E9FE /* SceneDelegate.swift */,
			);
			path = AppDelegate;
			sourceTree = "<group>";
		};
		521FB45A286278C800F6F9C9 /* DTOs */ = {
			isa = PBXGroup;
			children = (
				521FB45B286279F000F6F9C9 /* MoviesDTO.swift */,
				521FB45D28627DEA00F6F9C9 /* MovieDetailsDTO.swift */,
			);
			path = DTOs;
			sourceTree = "<group>";
		};
		521FB4632862809900F6F9C9 /* Entities */ = {
			isa = PBXGroup;
			children = (
				521FB468286281B500F6F9C9 /* MoviesPage.swift */,
				521FB464286280AD00F6F9C9 /* Movie.swift */,
				521FB466286280EE00F6F9C9 /* MovieDetails.swift */,
			);
			path = Entities;
			sourceTree = "<group>";
		};
		5282609428611A4800437CF8 /* Modules */ = {
			isa = PBXGroup;
			children = (
				52D7A4762863568A00031A18 /* MoviesList */,
			);
			path = Modules;
			sourceTree = "<group>";
		};
		5282609A28611BE200437CF8 /* Data */ = {
			isa = PBXGroup;
			children = (
				528260A928612F4900437CF8 /* Repositories */,
				528260AC28612F6500437CF8 /* Storage */,
				5282609B28611BEE00437CF8 /* Network */,
			);
			path = Data;
			sourceTree = "<group>";
		};
		5282609B28611BEE00437CF8 /* Network */ = {
			isa = PBXGroup;
			children = (
				521FB45A286278C800F6F9C9 /* DTOs */,
				5282609E286121FF00437CF8 /* RequesterProtocols */,
				5282609D286121F600437CF8 /* APIs */,
				5282609C286121EE00437CF8 /* Requests */,
				528260A1286122C300437CF8 /* Network.swift */,
				528260A728612EFF00437CF8 /* AuthInterceptor.swift */,
				528260B62861385E00437CF8 /* BaseError.swift */,
				528260BC28613ABC00437CF8 /* APIError.swift */,
			);
			path = Network;
			sourceTree = "<group>";
		};
		5282609C286121EE00437CF8 /* Requests */ = {
			isa = PBXGroup;
			children = (
				5282609F2861227F00437CF8 /* BaseReqeust.swift */,
				528260A32861253A00437CF8 /* MoviesRequest.swift */,
			);
			path = Requests;
			sourceTree = "<group>";
		};
		5282609D286121F600437CF8 /* APIs */ = {
			isa = PBXGroup;
			children = (
				528260B42861342000437CF8 /* BaseAPI.swift */,
				528260C228613C2800437CF8 /* MovieAPI.swift */,
			);
			path = APIs;
			sourceTree = "<group>";
		};
		5282609E286121FF00437CF8 /* RequesterProtocols */ = {
			isa = PBXGroup;
			children = (
				528260C428613C7700437CF8 /* MovieRequester.swift */,
			);
			path = RequesterProtocols;
			sourceTree = "<group>";
		};
		528260A928612F4900437CF8 /* Repositories */ = {
			isa = PBXGroup;
			children = (
				528260AA28612F5C00437CF8 /* AuthRepository.swift */,
				521FB4612862808C00F6F9C9 /* MovieRepository.swift */,
			);
			path = Repositories;
			sourceTree = "<group>";
		};
		528260AC28612F6500437CF8 /* Storage */ = {
			isa = PBXGroup;
			children = (
				528260AF28612F8700437CF8 /* UserStorage.swift */,
			);
			path = Storage;
			sourceTree = "<group>";
		};
		528260B12861331D00437CF8 /* Managers */ = {
			isa = PBXGroup;
			children = (
				528260B22861332A00437CF8 /* LanguageManager.swift */,
			);
			path = Managers;
			sourceTree = "<group>";
		};
		528260B82861388F00437CF8 /* Utils */ = {
			isa = PBXGroup;
			children = (
				528260B9286138A600437CF8 /* Extensions */,
				528260C028613B6600437CF8 /* Globals.swift */,
			);
			path = Utils;
			sourceTree = "<group>";
		};
		528260B9286138A600437CF8 /* Extensions */ = {
			isa = PBXGroup;
			children = (
				528260BA286138B600437CF8 /* String+Localizable.swift */,
				52D7A45F28634B7E00031A18 /* UIImage+Constants.swift */,
				52D7A46128634BAD00031A18 /* UIColor+Constants.swift */,
				52D7A46628634E9900031A18 /* Storyboard+Instantiable.swift */,
				52D7A46828634EE000031A18 /* UIViewController+Instantiable.swift */,
				52D7A46E2863507A00031A18 /* UIViewController+Alert.swift */,
				52D7A4702863513F00031A18 /* UIColor+Hex.swift */,
				52D7A49128638A5200031A18 /* UICollectionViewCell+Extensions.swift */,
				52D7A49328638A8A00031A18 /* UICollectionView+Extensions.swift */,
				52D7A4952863ADAB00031A18 /* UIView+InitFromNib.swift */,
				52D7A4972863ADDC00031A18 /* UIView+Inspectables.swift */,
			);
			path = Extensions;
			sourceTree = "<group>";
		};
		52D7A46328634D0400031A18 /* BaseClasses */ = {
			isa = PBXGroup;
			children = (
				52D7A46428634D0F00031A18 /* StoryboardInstantiable.swift */,
				52D7A46A28634F2900031A18 /* LoadingViewController.swift */,
				52D7A46C28634F5700031A18 /* PresenterToViewProtocol.swift */,
				52D7A4722863517D00031A18 /* BaseViewController.swift */,
				52D7A474286351CA00031A18 /* ApplicationFlow.swift */,
			);
			path = BaseClasses;
			sourceTree = "<group>";
		};
		52D7A4762863568A00031A18 /* MoviesList */ = {
			isa = PBXGroup;
			children = (
				52D7A47F286373E900031A18 /* Protocols */,
				52D7A47E286373E000031A18 /* View */,
				52D7A47D286373CC00031A18 /* Interactor */,
				52D7A47B286373B700031A18 /* Presenter */,
				52D7A47C286373BE00031A18 /* Router */,
			);
			path = MoviesList;
			sourceTree = "<group>";
		};
		52D7A47B286373B700031A18 /* Presenter */ = {
			isa = PBXGroup;
			children = (
				52D7A4882863741E00031A18 /* MoviesListPresenter.swift */,
				52D7A49F2863B7CA00031A18 /* MovieViewModel.swift */,
			);
			path = Presenter;
			sourceTree = "<group>";
		};
		52D7A47C286373BE00031A18 /* Router */ = {
			isa = PBXGroup;
			children = (
				52D7A48A2863742400031A18 /* MoviesListRouter.swift */,
			);
			path = Router;
			sourceTree = "<group>";
		};
		52D7A47D286373CC00031A18 /* Interactor */ = {
			isa = PBXGroup;
			children = (
				52D7A4862863741300031A18 /* MoviesListInteractor.swift */,
			);
			path = Interactor;
			sourceTree = "<group>";
		};
		52D7A47E286373E000031A18 /* View */ = {
			isa = PBXGroup;
			children = (
				52D7A48C28637ACA00031A18 /* MovieCollectionViewCell */,
				52D7A4822863740100031A18 /* MoviesListViewController.swift */,
				52D7A4842863740800031A18 /* MoviesList.storyboard */,
			);
			path = View;
			sourceTree = "<group>";
		};
		52D7A47F286373E900031A18 /* Protocols */ = {
			isa = PBXGroup;
			children = (
				52D7A480286373F600031A18 /* MoviesListProtocols.swift */,
			);
			path = Protocols;
			sourceTree = "<group>";
		};
		52D7A48C28637ACA00031A18 /* MovieCollectionViewCell */ = {
			isa = PBXGroup;
			children = (
				52D7A48D286381C400031A18 /* MovieCollectionViewCell.swift */,
				52D7A48E286381C400031A18 /* MovieCollectionViewCell.xib */,
			);
			path = MovieCollectionViewCell;
			sourceTree = "<group>";
		};
		72AA12F179CAB86783AE07B8 /* Pods */ = {
			isa = PBXGroup;
			children = (
				42B0D291C3D01B4990EC66C5 /* Pods-Moviedb.debug.xcconfig */,
				F6EE8EEA4EA05878A6DB66A4 /* Pods-Moviedb.release.xcconfig */,
			);
			path = Pods;
			sourceTree = "<group>";
		};
		93945453D07C063B00607603 /* Frameworks */ = {
			isa = PBXGroup;
			children = (
				49A78891055432D60CCC86AC /* libPods-Moviedb.a */,
			);
			name = Frameworks;
			sourceTree = "<group>";
		};
/* End PBXGroup section */

/* Begin PBXNativeTarget section */
		52147CE2286116BE0028E9FE /* Moviedb */ = {
			isa = PBXNativeTarget;
			buildConfigurationList = 52147CF7286116BF0028E9FE /* Build configuration list for PBXNativeTarget "Moviedb" */;
			buildPhases = (
				FE9AE40788F033822F0699A4 /* [CP] Check Pods Manifest.lock */,
				52147CDF286116BE0028E9FE /* Sources */,
				52147CE0286116BE0028E9FE /* Frameworks */,
				52147CE1286116BE0028E9FE /* Resources */,
			);
			buildRules = (
			);
			dependencies = (
			);
			name = Moviedb;
			productName = Moviedb;
			productReference = 52147CE3286116BE0028E9FE /* Moviedb.app */;
			productType = "com.apple.product-type.application";
		};
/* End PBXNativeTarget section */

/* Begin PBXProject section */
		52147CDB286116BE0028E9FE /* Project object */ = {
			isa = PBXProject;
			attributes = {
				BuildIndependentTargetsInParallel = 1;
				LastSwiftUpdateCheck = 1340;
				LastUpgradeCheck = 1340;
				TargetAttributes = {
					52147CE2286116BE0028E9FE = {
						CreatedOnToolsVersion = 13.4.1;
					};
				};
			};
			buildConfigurationList = 52147CDE286116BE0028E9FE /* Build configuration list for PBXProject "Moviedb" */;
			compatibilityVersion = "Xcode 13.0";
			developmentRegion = en;
			hasScannedForEncodings = 0;
			knownRegions = (
				en,
				Base,
			);
			mainGroup = 52147CDA286116BE0028E9FE;
			productRefGroup = 52147CE4286116BE0028E9FE /* Products */;
			projectDirPath = "";
			projectRoot = "";
			targets = (
				52147CE2286116BE0028E9FE /* Moviedb */,
			);
		};
/* End PBXProject section */

/* Begin PBXResourcesBuildPhase section */
		52147CE1286116BE0028E9FE /* Resources */ = {
			isa = PBXResourcesBuildPhase;
			buildActionMask = 2147483647;
			files = (
				5282609728611BD000437CF8 /* Localizable.strings in Resources */,
				52147CF3286116BF0028E9FE /* LaunchScreen.storyboard in Resources */,
				52147CFC2861194D0028E9FE /* Colors.xcassets in Resources */,
				52D7A4852863740800031A18 /* MoviesList.storyboard in Resources */,
				52147CF0286116BF0028E9FE /* Assets.xcassets in Resources */,
				52D7A490286381C400031A18 /* MovieCollectionViewCell.xib in Resources */,
			);
			runOnlyForDeploymentPostprocessing = 0;
		};
/* End PBXResourcesBuildPhase section */

/* Begin PBXShellScriptBuildPhase section */
		FE9AE40788F033822F0699A4 /* [CP] Check Pods Manifest.lock */ = {
			isa = PBXShellScriptBuildPhase;
			buildActionMask = 2147483647;
			files = (
			);
			inputFileListPaths = (
			);
			inputPaths = (
				"${PODS_PODFILE_DIR_PATH}/Podfile.lock",
				"${PODS_ROOT}/Manifest.lock",
			);
			name = "[CP] Check Pods Manifest.lock";
			outputFileListPaths = (
			);
			outputPaths = (
				"$(DERIVED_FILE_DIR)/Pods-Moviedb-checkManifestLockResult.txt",
			);
			runOnlyForDeploymentPostprocessing = 0;
			shellPath = /bin/sh;
			shellScript = "diff \"${PODS_PODFILE_DIR_PATH}/Podfile.lock\" \"${PODS_ROOT}/Manifest.lock\" > /dev/null\nif [ $? != 0 ] ; then\n    # print error to STDERR\n    echo \"error: The sandbox is not in sync with the Podfile.lock. Run 'pod install' or update your CocoaPods installation.\" >&2\n    exit 1\nfi\n# This output is used by Xcode 'outputs' to avoid re-running this script phase.\necho \"SUCCESS\" > \"${SCRIPT_OUTPUT_FILE_0}\"\n";
			showEnvVarsInLog = 0;
		};
/* End PBXShellScriptBuildPhase section */

/* Begin PBXSourcesBuildPhase section */
		52147CDF286116BE0028E9FE /* Sources */ = {
			isa = PBXSourcesBuildPhase;
			buildActionMask = 2147483647;
			files = (
				52D7A4962863ADAB00031A18 /* UIView+InitFromNib.swift in Sources */,
				528260C528613C7700437CF8 /* MovieRequester.swift in Sources */,
				528260A2286122C300437CF8 /* Network.swift in Sources */,
				52D7A4732863517D00031A18 /* BaseViewController.swift in Sources */,
				52D7A46F2863507A00031A18 /* UIViewController+Alert.swift in Sources */,
				528260AB28612F5C00437CF8 /* AuthRepository.swift in Sources */,
				52D7A46B28634F2900031A18 /* LoadingViewController.swift in Sources */,
				52D7A46228634BAD00031A18 /* UIColor+Constants.swift in Sources */,
				52D7A4872863741300031A18 /* MoviesListInteractor.swift in Sources */,
				52D7A4832863740100031A18 /* MoviesListViewController.swift in Sources */,
				52D7A48B2863742400031A18 /* MoviesListRouter.swift in Sources */,
				52D7A46028634B7E00031A18 /* UIImage+Constants.swift in Sources */,
				528260A828612EFF00437CF8 /* AuthInterceptor.swift in Sources */,
				528260C328613C2800437CF8 /* MovieAPI.swift in Sources */,
				521FB467286280EE00F6F9C9 /* MovieDetails.swift in Sources */,
				52147CE7286116BE0028E9FE /* AppDelegate.swift in Sources */,
				528260B028612F8700437CF8 /* UserStorage.swift in Sources */,
				521FB4622862808C00F6F9C9 /* MovieRepository.swift in Sources */,
				52D7A46528634D0F00031A18 /* StoryboardInstantiable.swift in Sources */,
				52D7A4A02863B7CA00031A18 /* MovieViewModel.swift in Sources */,
				521FB45E28627DEA00F6F9C9 /* MovieDetailsDTO.swift in Sources */,
				521FB45C286279F000F6F9C9 /* MoviesDTO.swift in Sources */,
				528260B52861342000437CF8 /* BaseAPI.swift in Sources */,
				52D7A46928634EE000031A18 /* UIViewController+Instantiable.swift in Sources */,
				52D7A49428638A8A00031A18 /* UICollectionView+Extensions.swift in Sources */,
				528260B72861385E00437CF8 /* BaseError.swift in Sources */,
				52D7A46728634E9900031A18 /* Storyboard+Instantiable.swift in Sources */,
				52D7A475286351CA00031A18 /* ApplicationFlow.swift in Sources */,
				528260C128613B6600437CF8 /* Globals.swift in Sources */,
				521FB465286280AD00F6F9C9 /* Movie.swift in Sources */,
				52D7A48F286381C400031A18 /* MovieCollectionViewCell.swift in Sources */,
				528260A42861253A00437CF8 /* MoviesRequest.swift in Sources */,
				52147CE9286116BE0028E9FE /* SceneDelegate.swift in Sources */,
				52D7A4712863513F00031A18 /* UIColor+Hex.swift in Sources */,
				528260A02861227F00437CF8 /* BaseReqeust.swift in Sources */,
				528260BB286138B600437CF8 /* String+Localizable.swift in Sources */,
				528260B32861332A00437CF8 /* LanguageManager.swift in Sources */,
				52D7A481286373F600031A18 /* MoviesListProtocols.swift in Sources */,
				528260BD28613ABC00437CF8 /* APIError.swift in Sources */,
				52D7A46D28634F5700031A18 /* PresenterToViewProtocol.swift in Sources */,
				52D7A4982863ADDC00031A18 /* UIView+Inspectables.swift in Sources */,
				52D7A4892863741E00031A18 /* MoviesListPresenter.swift in Sources */,
				52D7A49228638A5200031A18 /* UICollectionViewCell+Extensions.swift in Sources */,
				521FB469286281B500F6F9C9 /* MoviesPage.swift in Sources */,
			);
			runOnlyForDeploymentPostprocessing = 0;
		};
/* End PBXSourcesBuildPhase section */

/* Begin PBXVariantGroup section */
		52147CF1286116BF0028E9FE /* LaunchScreen.storyboard */ = {
			isa = PBXVariantGroup;
			children = (
				52147CF2286116BF0028E9FE /* Base */,
			);
			name = LaunchScreen.storyboard;
			sourceTree = "<group>";
		};
		5282609928611BD000437CF8 /* Localizable.strings */ = {
			isa = PBXVariantGroup;
			children = (
				5282609828611BD000437CF8 /* en */,
			);
			name = Localizable.strings;
			sourceTree = "<group>";
		};
/* End PBXVariantGroup section */

/* Begin XCBuildConfiguration section */
		52147CF5286116BF0028E9FE /* Debug */ = {
			isa = XCBuildConfiguration;
			buildSettings = {
				ALWAYS_SEARCH_USER_PATHS = NO;
				CLANG_ANALYZER_NONNULL = YES;
				CLANG_ANALYZER_NUMBER_OBJECT_CONVERSION = YES_AGGRESSIVE;
				CLANG_CXX_LANGUAGE_STANDARD = "gnu++17";
				CLANG_ENABLE_MODULES = YES;
				CLANG_ENABLE_OBJC_ARC = YES;
				CLANG_ENABLE_OBJC_WEAK = YES;
				CLANG_WARN_BLOCK_CAPTURE_AUTORELEASING = YES;
				CLANG_WARN_BOOL_CONVERSION = YES;
				CLANG_WARN_COMMA = YES;
				CLANG_WARN_CONSTANT_CONVERSION = YES;
				CLANG_WARN_DEPRECATED_OBJC_IMPLEMENTATIONS = YES;
				CLANG_WARN_DIRECT_OBJC_ISA_USAGE = YES_ERROR;
				CLANG_WARN_DOCUMENTATION_COMMENTS = YES;
				CLANG_WARN_EMPTY_BODY = YES;
				CLANG_WARN_ENUM_CONVERSION = YES;
				CLANG_WARN_INFINITE_RECURSION = YES;
				CLANG_WARN_INT_CONVERSION = YES;
				CLANG_WARN_NON_LITERAL_NULL_CONVERSION = YES;
				CLANG_WARN_OBJC_IMPLICIT_RETAIN_SELF = YES;
				CLANG_WARN_OBJC_LITERAL_CONVERSION = YES;
				CLANG_WARN_OBJC_ROOT_CLASS = YES_ERROR;
				CLANG_WARN_QUOTED_INCLUDE_IN_FRAMEWORK_HEADER = YES;
				CLANG_WARN_RANGE_LOOP_ANALYSIS = YES;
				CLANG_WARN_STRICT_PROTOTYPES = YES;
				CLANG_WARN_SUSPICIOUS_MOVE = YES;
				CLANG_WARN_UNGUARDED_AVAILABILITY = YES_AGGRESSIVE;
				CLANG_WARN_UNREACHABLE_CODE = YES;
				CLANG_WARN__DUPLICATE_METHOD_MATCH = YES;
				COPY_PHASE_STRIP = NO;
				DEBUG_INFORMATION_FORMAT = dwarf;
				ENABLE_STRICT_OBJC_MSGSEND = YES;
				ENABLE_TESTABILITY = YES;
				GCC_C_LANGUAGE_STANDARD = gnu11;
				GCC_DYNAMIC_NO_PIC = NO;
				GCC_NO_COMMON_BLOCKS = YES;
				GCC_OPTIMIZATION_LEVEL = 0;
				GCC_PREPROCESSOR_DEFINITIONS = (
					"DEBUG=1",
					"$(inherited)",
				);
				GCC_WARN_64_TO_32_BIT_CONVERSION = YES;
				GCC_WARN_ABOUT_RETURN_TYPE = YES_ERROR;
				GCC_WARN_UNDECLARED_SELECTOR = YES;
				GCC_WARN_UNINITIALIZED_AUTOS = YES_AGGRESSIVE;
				GCC_WARN_UNUSED_FUNCTION = YES;
				GCC_WARN_UNUSED_VARIABLE = YES;
				IPHONEOS_DEPLOYMENT_TARGET = 15.5;
				MTL_ENABLE_DEBUG_INFO = INCLUDE_SOURCE;
				MTL_FAST_MATH = YES;
				ONLY_ACTIVE_ARCH = YES;
				SDKROOT = iphoneos;
				SWIFT_ACTIVE_COMPILATION_CONDITIONS = DEBUG;
				SWIFT_OPTIMIZATION_LEVEL = "-Onone";
			};
			name = Debug;
		};
		52147CF6286116BF0028E9FE /* Release */ = {
			isa = XCBuildConfiguration;
			buildSettings = {
				ALWAYS_SEARCH_USER_PATHS = NO;
				CLANG_ANALYZER_NONNULL = YES;
				CLANG_ANALYZER_NUMBER_OBJECT_CONVERSION = YES_AGGRESSIVE;
				CLANG_CXX_LANGUAGE_STANDARD = "gnu++17";
				CLANG_ENABLE_MODULES = YES;
				CLANG_ENABLE_OBJC_ARC = YES;
				CLANG_ENABLE_OBJC_WEAK = YES;
				CLANG_WARN_BLOCK_CAPTURE_AUTORELEASING = YES;
				CLANG_WARN_BOOL_CONVERSION = YES;
				CLANG_WARN_COMMA = YES;
				CLANG_WARN_CONSTANT_CONVERSION = YES;
				CLANG_WARN_DEPRECATED_OBJC_IMPLEMENTATIONS = YES;
				CLANG_WARN_DIRECT_OBJC_ISA_USAGE = YES_ERROR;
				CLANG_WARN_DOCUMENTATION_COMMENTS = YES;
				CLANG_WARN_EMPTY_BODY = YES;
				CLANG_WARN_ENUM_CONVERSION = YES;
				CLANG_WARN_INFINITE_RECURSION = YES;
				CLANG_WARN_INT_CONVERSION = YES;
				CLANG_WARN_NON_LITERAL_NULL_CONVERSION = YES;
				CLANG_WARN_OBJC_IMPLICIT_RETAIN_SELF = YES;
				CLANG_WARN_OBJC_LITERAL_CONVERSION = YES;
				CLANG_WARN_OBJC_ROOT_CLASS = YES_ERROR;
				CLANG_WARN_QUOTED_INCLUDE_IN_FRAMEWORK_HEADER = YES;
				CLANG_WARN_RANGE_LOOP_ANALYSIS = YES;
				CLANG_WARN_STRICT_PROTOTYPES = YES;
				CLANG_WARN_SUSPICIOUS_MOVE = YES;
				CLANG_WARN_UNGUARDED_AVAILABILITY = YES_AGGRESSIVE;
				CLANG_WARN_UNREACHABLE_CODE = YES;
				CLANG_WARN__DUPLICATE_METHOD_MATCH = YES;
				COPY_PHASE_STRIP = NO;
				DEBUG_INFORMATION_FORMAT = "dwarf-with-dsym";
				ENABLE_NS_ASSERTIONS = NO;
				ENABLE_STRICT_OBJC_MSGSEND = YES;
				GCC_C_LANGUAGE_STANDARD = gnu11;
				GCC_NO_COMMON_BLOCKS = YES;
				GCC_WARN_64_TO_32_BIT_CONVERSION = YES;
				GCC_WARN_ABOUT_RETURN_TYPE = YES_ERROR;
				GCC_WARN_UNDECLARED_SELECTOR = YES;
				GCC_WARN_UNINITIALIZED_AUTOS = YES_AGGRESSIVE;
				GCC_WARN_UNUSED_FUNCTION = YES;
				GCC_WARN_UNUSED_VARIABLE = YES;
				IPHONEOS_DEPLOYMENT_TARGET = 15.5;
				MTL_ENABLE_DEBUG_INFO = NO;
				MTL_FAST_MATH = YES;
				SDKROOT = iphoneos;
				SWIFT_COMPILATION_MODE = wholemodule;
				SWIFT_OPTIMIZATION_LEVEL = "-O";
				VALIDATE_PRODUCT = YES;
			};
			name = Release;
		};
		52147CF8286116BF0028E9FE /* Debug */ = {
			isa = XCBuildConfiguration;
			baseConfigurationReference = 42B0D291C3D01B4990EC66C5 /* Pods-Moviedb.debug.xcconfig */;
			buildSettings = {
				ASSETCATALOG_COMPILER_APPICON_NAME = AppIcon;
				ASSETCATALOG_COMPILER_GLOBAL_ACCENT_COLOR_NAME = AccentColor;
				CODE_SIGN_STYLE = Automatic;
				CURRENT_PROJECT_VERSION = 1;
				DEVELOPMENT_TEAM = 52W72N842G;
				GENERATE_INFOPLIST_FILE = YES;
				INFOPLIST_FILE = Moviedb/Info.plist;
				INFOPLIST_KEY_UIApplicationSupportsIndirectInputEvents = YES;
				INFOPLIST_KEY_UILaunchStoryboardName = LaunchScreen;
				INFOPLIST_KEY_UISupportedInterfaceOrientations = UIInterfaceOrientationPortrait;
				INFOPLIST_KEY_UISupportedInterfaceOrientations_iPad = "UIInterfaceOrientationPortrait UIInterfaceOrientationPortraitUpsideDown UIInterfaceOrientationLandscapeLeft UIInterfaceOrientationLandscapeRight";
				INFOPLIST_KEY_UISupportedInterfaceOrientations_iPhone = "UIInterfaceOrientationPortrait UIInterfaceOrientationLandscapeLeft UIInterfaceOrientationLandscapeRight";
				LD_RUNPATH_SEARCH_PATHS = (
					"$(inherited)",
					"@executable_path/Frameworks",
				);
				MARKETING_VERSION = 1.0;
				PRODUCT_BUNDLE_IDENTIFIER = com.trianglz.Moviedb;
				PRODUCT_NAME = "$(TARGET_NAME)";
				SWIFT_EMIT_LOC_STRINGS = YES;
				SWIFT_VERSION = 5.0;
				TARGETED_DEVICE_FAMILY = 1;
			};
			name = Debug;
		};
		52147CF9286116BF0028E9FE /* Release */ = {
			isa = XCBuildConfiguration;
			baseConfigurationReference = F6EE8EEA4EA05878A6DB66A4 /* Pods-Moviedb.release.xcconfig */;
			buildSettings = {
				ASSETCATALOG_COMPILER_APPICON_NAME = AppIcon;
				ASSETCATALOG_COMPILER_GLOBAL_ACCENT_COLOR_NAME = AccentColor;
				CODE_SIGN_STYLE = Automatic;
				CURRENT_PROJECT_VERSION = 1;
				DEVELOPMENT_TEAM = 52W72N842G;
				GENERATE_INFOPLIST_FILE = YES;
				INFOPLIST_FILE = Moviedb/Info.plist;
				INFOPLIST_KEY_UIApplicationSupportsIndirectInputEvents = YES;
				INFOPLIST_KEY_UILaunchStoryboardName = LaunchScreen;
				INFOPLIST_KEY_UISupportedInterfaceOrientations = UIInterfaceOrientationPortrait;
				INFOPLIST_KEY_UISupportedInterfaceOrientations_iPad = "UIInterfaceOrientationPortrait UIInterfaceOrientationPortraitUpsideDown UIInterfaceOrientationLandscapeLeft UIInterfaceOrientationLandscapeRight";
				INFOPLIST_KEY_UISupportedInterfaceOrientations_iPhone = "UIInterfaceOrientationPortrait UIInterfaceOrientationLandscapeLeft UIInterfaceOrientationLandscapeRight";
				LD_RUNPATH_SEARCH_PATHS = (
					"$(inherited)",
					"@executable_path/Frameworks",
				);
				MARKETING_VERSION = 1.0;
				PRODUCT_BUNDLE_IDENTIFIER = com.trianglz.Moviedb;
				PRODUCT_NAME = "$(TARGET_NAME)";
				SWIFT_EMIT_LOC_STRINGS = YES;
				SWIFT_VERSION = 5.0;
				TARGETED_DEVICE_FAMILY = 1;
			};
			name = Release;
		};
/* End XCBuildConfiguration section */

/* Begin XCConfigurationList section */
		52147CDE286116BE0028E9FE /* Build configuration list for PBXProject "Moviedb" */ = {
			isa = XCConfigurationList;
			buildConfigurations = (
				52147CF5286116BF0028E9FE /* Debug */,
				52147CF6286116BF0028E9FE /* Release */,
			);
			defaultConfigurationIsVisible = 0;
			defaultConfigurationName = Release;
		};
		52147CF7286116BF0028E9FE /* Build configuration list for PBXNativeTarget "Moviedb" */ = {
			isa = XCConfigurationList;
			buildConfigurations = (
				52147CF8286116BF0028E9FE /* Debug */,
				52147CF9286116BF0028E9FE /* Release */,
			);
			defaultConfigurationIsVisible = 0;
			defaultConfigurationName = Release;
		};
/* End XCConfigurationList section */
	};
	rootObject = 52147CDB286116BE0028E9FE /* Project object */;
}
